
Microsoft Visual Studio Solution File, Format Version 12.00
# Visual Studio 15
VisualStudioVersion = 15.0.28307.757
MinimumVisualStudioVersion = 15.0.26124.0
Project("{930C7802-8A8C-48F9-8165-68863BCCD9DD}") = "Plant iT base MODULE", "Plant iT base MODULE.wixproj", "{D77BEFCF-15C5-40B0-B5B3-FBC90B2F8D71}"
EndProject
Global
	GlobalSection(SolutionConfigurationPlatforms) = preSolution
		Debug|Any CPU = Debug|Any CPU
		Debug|x64 = Debug|x64
		Debug|x86 = Debug|x86
		Release|Any CPU = Release|Any CPU
		Release|x64 = Release|x64
		Release|x86 = Release|x86
	EndGlobalSection
	GlobalSection(ProjectConfigurationPlatforms) = postSolution
		{D77BEFCF-15C5-40B0-B5B3-FBC90B2F8D71}.Debug|Any CPU.ActiveCfg = Debug|x86
		{D77BEFCF-15C5-40B0-B5B3-FBC90B2F8D71}.Debug|x64.ActiveCfg = Debug|x86
		{D77BEFCF-15C5-40B0-B5B3-FBC90B2F8D71}.Debug|x86.ActiveCfg = Debug|x86
		{D77BEFCF-15C5-40B0-B5B3-FBC90B2F8D71}.Debug|x86.Build.0 = Debug|x86
		{D77BEFCF-15C5-40B0-B5B3-FBC90B2F8D71}.Release|Any CPU.ActiveCfg = Release|x86
		{D77BEFCF-15C5-40B0-B5B3-FBC90B2F8D71}.Release|x64.ActiveCfg = Release|x86
		{D77BEFCF-15C5-40B0-B5B3-FBC90B2F8D71}.Release|x86.ActiveCfg = Release|x86
		{D77BEFCF-15C5-40B0-B5B3-FBC90B2F8D71}.Release|x86.Build.0 = Release|x86
	EndGlobalSection
	GlobalSection(SolutionProperties) = preSolution
		HideSolutionNode = FALSE
	EndGlobalSection
	GlobalSection(ExtensibilityGlobals) = postSolution
		SolutionGuid = {679F7523-A0A0-40E2-B062-B6CFBD69E323}
	EndGlobalSection
	GlobalSection(TeamFoundationVersionControl) = preSolution
		SccNumberOfProjects = 1
		SccEnterpriseProvider = {4CA58AB2-18FA-4F8D-95D4-32DDF27D184C}
		SccTeamFoundationServer = http://hrzsrvcc2-tfs02:8080/tfs/cc2dev
		SccProjectUniqueName0 = Plant\u0020iT\u0020base\u0020MODULE.wixproj
		SccProjectName0 = .
		SccAuxPath0 = http://hrzsrvcc2-tfs02:8080/tfs/cc2dev
		SccLocalPath0 = .
		SccProvider0 = {4CA58AB2-18FA-4F8D-95D4-32DDF27D184C}
	EndGlobalSection
EndGlobal
